
Microsoft Visual Studio Solution File, Format Version 12.00
# Visual Studio Version 16
VisualStudioVersion = 16.0.30114.105
MinimumVisualStudioVersion = 10.0.40219.1
Project("{FAE04EC0-301F-11D3-BF4B-00C04F79EFBC}") = "BussinessLogicLayer", "BussinessLogicLayer\BussinessLogicLayer.csproj", "{8B492CDD-805C-4F66-A8C7-1021922281A6}"
EndProject
Project("{FAE04EC0-301F-11D3-BF4B-00C04F79EFBC}") = "DataAccesslayer", "DataAccesslayer\DataAccesslayer.csproj", "{C0FA8FE1-0052-4D3E-A57D-4A1370D6DA8A}"
EndProject
Project("{FAE04EC0-301F-11D3-BF4B-00C04F79EFBC}") = "Domain", "Domain\Domain.csproj", "{3BCDFAD8-2490-414D-B3AF-04F6F2963454}"
EndProject
Project("{FAE04EC0-301F-11D3-BF4B-00C04F79EFBC}") = "UserMgmt.API", "UserMgmt.API\UserMgmt.API.csproj", "{E11624E8-25E7-4D05-AA70-8900D9A2C7AB}"
EndProject
Global
	GlobalSection(SolutionConfigurationPlatforms) = preSolution
		Debug|Any CPU = Debug|Any CPU
		Debug|x64 = Debug|x64
		Debug|x86 = Debug|x86
		Release|Any CPU = Release|Any CPU
		Release|x64 = Release|x64
		Release|x86 = Release|x86
	EndGlobalSection
	GlobalSection(SolutionProperties) = preSolution
		HideSolutionNode = FALSE
	EndGlobalSection
	GlobalSection(ProjectConfigurationPlatforms) = postSolution
		{8B492CDD-805C-4F66-A8C7-1021922281A6}.Debug|Any CPU.ActiveCfg = Debug|Any CPU
		{8B492CDD-805C-4F66-A8C7-1021922281A6}.Debug|Any CPU.Build.0 = Debug|Any CPU
		{8B492CDD-805C-4F66-A8C7-1021922281A6}.Debug|x64.ActiveCfg = Debug|Any CPU
		{8B492CDD-805C-4F66-A8C7-1021922281A6}.Debug|x64.Build.0 = Debug|Any CPU
		{8B492CDD-805C-4F66-A8C7-1021922281A6}.Debug|x86.ActiveCfg = Debug|Any CPU
		{8B492CDD-805C-4F66-A8C7-1021922281A6}.Debug|x86.Build.0 = Debug|Any CPU
		{8B492CDD-805C-4F66-A8C7-1021922281A6}.Release|Any CPU.ActiveCfg = Release|Any CPU
		{8B492CDD-805C-4F66-A8C7-1021922281A6}.Release|Any CPU.Build.0 = Release|Any CPU
		{8B492CDD-805C-4F66-A8C7-1021922281A6}.Release|x64.ActiveCfg = Release|Any CPU
		{8B492CDD-805C-4F66-A8C7-1021922281A6}.Release|x64.Build.0 = Release|Any CPU
		{8B492CDD-805C-4F66-A8C7-1021922281A6}.Release|x86.ActiveCfg = Release|Any CPU
		{8B492CDD-805C-4F66-A8C7-1021922281A6}.Release|x86.Build.0 = Release|Any CPU
		{C0FA8FE1-0052-4D3E-A57D-4A1370D6DA8A}.Debug|Any CPU.ActiveCfg = Debug|Any CPU
		{C0FA8FE1-0052-4D3E-A57D-4A1370D6DA8A}.Debug|Any CPU.Build.0 = Debug|Any CPU
		{C0FA8FE1-0052-4D3E-A57D-4A1370D6DA8A}.Debug|x64.ActiveCfg = Debug|Any CPU
		{C0FA8FE1-0052-4D3E-A57D-4A1370D6DA8A}.Debug|x64.Build.0 = Debug|Any CPU
		{C0FA8FE1-0052-4D3E-A57D-4A1370D6DA8A}.Debug|x86.ActiveCfg = Debug|Any CPU
		{C0FA8FE1-0052-4D3E-A57D-4A1370D6DA8A}.Debug|x86.Build.0 = Debug|Any CPU
		{C0FA8FE1-0052-4D3E-A57D-4A1370D6DA8A}.Release|Any CPU.ActiveCfg = Release|Any CPU
		{C0FA8FE1-0052-4D3E-A57D-4A1370D6DA8A}.Release|Any CPU.Build.0 = Release|Any CPU
		{C0FA8FE1-0052-4D3E-A57D-4A1370D6DA8A}.Release|x64.ActiveCfg = Release|Any CPU
		{C0FA8FE1-0052-4D3E-A57D-4A1370D6DA8A}.Release|x64.Build.0 = Release|Any CPU
		{C0FA8FE1-0052-4D3E-A57D-4A1370D6DA8A}.Release|x86.ActiveCfg = Release|Any CPU
		{C0FA8FE1-0052-4D3E-A57D-4A1370D6DA8A}.Release|x86.Build.0 = Release|Any CPU
		{3BCDFAD8-2490-414D-B3AF-04F6F2963454}.Debug|Any CPU.ActiveCfg = Debug|Any CPU
		{3BCDFAD8-2490-414D-B3AF-04F6F2963454}.Debug|Any CPU.Build.0 = Debug|Any CPU
		{3BCDFAD8-2490-414D-B3AF-04F6F2963454}.Debug|x64.ActiveCfg = Debug|Any CPU
		{3BCDFAD8-2490-414D-B3AF-04F6F2963454}.Debug|x64.Build.0 = Debug|Any CPU
		{3BCDFAD8-2490-414D-B3AF-04F6F2963454}.Debug|x86.ActiveCfg = Debug|Any CPU
		{3BCDFAD8-2490-414D-B3AF-04F6F2963454}.Debug|x86.Build.0 = Debug|Any CPU
		{3BCDFAD8-2490-414D-B3AF-04F6F2963454}.Release|Any CPU.ActiveCfg = Release|Any CPU
		{3BCDFAD8-2490-414D-B3AF-04F6F2963454}.Release|Any CPU.Build.0 = Release|Any CPU
		{3BCDFAD8-2490-414D-B3AF-04F6F2963454}.Release|x64.ActiveCfg = Release|Any CPU
		{3BCDFAD8-2490-414D-B3AF-04F6F2963454}.Release|x64.Build.0 = Release|Any CPU
		{3BCDFAD8-2490-414D-B3AF-04F6F2963454}.Release|x86.ActiveCfg = Release|Any CPU
		{3BCDFAD8-2490-414D-B3AF-04F6F2963454}.Release|x86.Build.0 = Release|Any CPU
		{E11624E8-25E7-4D05-AA70-8900D9A2C7AB}.Debug|Any CPU.ActiveCfg = Debug|Any CPU
		{E11624E8-25E7-4D05-AA70-8900D9A2C7AB}.Debug|Any CPU.Build.0 = Debug|Any CPU
		{E11624E8-25E7-4D05-AA70-8900D9A2C7AB}.Debug|x64.ActiveCfg = Debug|Any CPU
		{E11624E8-25E7-4D05-AA70-8900D9A2C7AB}.Debug|x64.Build.0 = Debug|Any CPU
		{E11624E8-25E7-4D05-AA70-8900D9A2C7AB}.Debug|x86.ActiveCfg = Debug|Any CPU
		{E11624E8-25E7-4D05-AA70-8900D9A2C7AB}.Debug|x86.Build.0 = Debug|Any CPU
		{E11624E8-25E7-4D05-AA70-8900D9A2C7AB}.Release|Any CPU.ActiveCfg = Release|Any CPU
		{E11624E8-25E7-4D05-AA70-8900D9A2C7AB}.Release|Any CPU.Build.0 = Release|Any CPU
		{E11624E8-25E7-4D05-AA70-8900D9A2C7AB}.Release|x64.ActiveCfg = Release|Any CPU
		{E11624E8-25E7-4D05-AA70-8900D9A2C7AB}.Release|x64.Build.0 = Release|Any CPU
		{E11624E8-25E7-4D05-AA70-8900D9A2C7AB}.Release|x86.ActiveCfg = Release|Any CPU
		{E11624E8-25E7-4D05-AA70-8900D9A2C7AB}.Release|x86.Build.0 = Release|Any CPU
	EndGlobalSection
EndGlobal
